// !$*UTF8*$!
{
	archiveVersion = 1;
	classes = {
	};
	objectVersion = 46;
	objects = {

/* Begin PBXBuildFile section */
		4E9AD6756FDD4E133AE04B9F /* libPods-eduPDFPlayerPTest.a in Frameworks */ = {isa = PBXBuildFile; fileRef = 1D0CE317845E7E4B56C64A5D /* libPods-eduPDFPlayerPTest.a */; };
		52799C411D8791CA0009AD48 /* main.m in Sources */ = {isa = PBXBuildFile; fileRef = 52799C401D8791CA0009AD48 /* main.m */; };
		52799C441D8791CA0009AD48 /* AppDelegate.m in Sources */ = {isa = PBXBuildFile; fileRef = 52799C431D8791CA0009AD48 /* AppDelegate.m */; };
		52799C471D8791CA0009AD48 /* ViewController.m in Sources */ = {isa = PBXBuildFile; fileRef = 52799C461D8791CA0009AD48 /* ViewController.m */; };
		52799C4A1D8791CA0009AD48 /* Main.storyboard in Resources */ = {isa = PBXBuildFile; fileRef = 52799C481D8791CA0009AD48 /* Main.storyboard */; };
		52799C4C1D8791CA0009AD48 /* Assets.xcassets in Resources */ = {isa = PBXBuildFile; fileRef = 52799C4B1D8791CA0009AD48 /* Assets.xcassets */; };
		52799C4F1D8791CA0009AD48 /* LaunchScreen.storyboard in Resources */ = {isa = PBXBuildFile; fileRef = 52799C4D1D8791CA0009AD48 /* LaunchScreen.storyboard */; };
/* End PBXBuildFile section */

/* Begin PBXFileReference section */
		1D0CE317845E7E4B56C64A5D /* libPods-eduPDFPlayerPTest.a */ = {isa = PBXFileReference; explicitFileType = archive.ar; includeInIndex = 0; path = "libPods-eduPDFPlayerPTest.a"; sourceTree = BUILT_PRODUCTS_DIR; };
		52799C3C1D8791CA0009AD48 /* eduPDFPlayerPTest.app */ = {isa = PBXFileReference; explicitFileType = wrapper.application; includeInIndex = 0; path = eduPDFPlayerPTest.app; sourceTree = BUILT_PRODUCTS_DIR; };
		52799C401D8791CA0009AD48 /* main.m */ = {isa = PBXFileReference; lastKnownFileType = sourcecode.c.objc; path = main.m; sourceTree = "<group>"; };
		52799C421D8791CA0009AD48 /* AppDelegate.h */ = {isa = PBXFileReference; lastKnownFileType = sourcecode.c.h; path = AppDelegate.h; sourceTree = "<group>"; };
		52799C431D8791CA0009AD48 /* AppDelegate.m */ = {isa = PBXFileReference; lastKnownFileType = sourcecode.c.objc; path = AppDelegate.m; sourceTree = "<group>"; };
		52799C451D8791CA0009AD48 /* ViewController.h */ = {isa = PBXFileReference; lastKnownFileType = sourcecode.c.h; path = ViewController.h; sourceTree = "<group>"; };
		52799C461D8791CA0009AD48 /* ViewController.m */ = {isa = PBXFileReference; lastKnownFileType = sourcecode.c.objc; path = ViewController.m; sourceTree = "<group>"; };
		52799C491D8791CA0009AD48 /* Base */ = {isa = PBXFileReference; lastKnownFileType = file.storyboard; name = Base; path = Base.lproj/Main.storyboard; sourceTree = "<group>"; };
		52799C4B1D8791CA0009AD48 /* Assets.xcassets */ = {isa = PBXFileReference; lastKnownFileType = folder.assetcatalog; path = Assets.xcassets; sourceTree = "<group>"; };
		52799C4E1D8791CA0009AD48 /* Base */ = {isa = PBXFileReference; lastKnownFileType = file.storyboard; name = Base; path = Base.lproj/LaunchScreen.storyboard; sourceTree = "<group>"; };
		52799C501D8791CA0009AD48 /* Info.plist */ = {isa = PBXFileReference; lastKnownFileType = text.plist.xml; path = Info.plist; sourceTree = "<group>"; };
		CB8D59B94941C1FBE6519E21 /* Pods-eduPDFPlayerPTest.release.xcconfig */ = {isa = PBXFileReference; includeInIndex = 1; lastKnownFileType = text.xcconfig; name = "Pods-eduPDFPlayerPTest.release.xcconfig"; path = "Pods/Target Support Files/Pods-eduPDFPlayerPTest/Pods-eduPDFPlayerPTest.release.xcconfig"; sourceTree = "<group>"; };
		F74BC2D6DA6F3D5E97DD8DC3 /* Pods-eduPDFPlayerPTest.debug.xcconfig */ = {isa = PBXFileReference; includeInIndex = 1; lastKnownFileType = text.xcconfig; name = "Pods-eduPDFPlayerPTest.debug.xcconfig"; path = "Pods/Target Support Files/Pods-eduPDFPlayerPTest/Pods-eduPDFPlayerPTest.debug.xcconfig"; sourceTree = "<group>"; };
/* End PBXFileReference section */

/* Begin PBXFrameworksBuildPhase section */
		52799C391D8791CA0009AD48 /* Frameworks */ = {
			isa = PBXFrameworksBuildPhase;
			buildActionMask = 2147483647;
			files = (
				4E9AD6756FDD4E133AE04B9F /* libPods-eduPDFPlayerPTest.a in Frameworks */,
			);
			runOnlyForDeploymentPostprocessing = 0;
		};
/* End PBXFrameworksBuildPhase section */

/* Begin PBXGroup section */
		52799C331D8791CA0009AD48 = {
			isa = PBXGroup;
			children = (
				52799C3E1D8791CA0009AD48 /* eduPDFPlayerPTest */,
				52799C3D1D8791CA0009AD48 /* Products */,
				F2BB75789B570A824FFB14BE /* Frameworks */,
				CE28AD7DD745AE357745B81A /* Pods */,
			);
			sourceTree = "<group>";
		};
		52799C3D1D8791CA0009AD48 /* Products */ = {
			isa = PBXGroup;
			children = (
				52799C3C1D8791CA0009AD48 /* eduPDFPlayerPTest.app */,
			);
			name = Products;
			sourceTree = "<group>";
		};
		52799C3E1D8791CA0009AD48 /* eduPDFPlayerPTest */ = {
			isa = PBXGroup;
			children = (
				52799C421D8791CA0009AD48 /* AppDelegate.h */,
				52799C431D8791CA0009AD48 /* AppDelegate.m */,
				52799C451D8791CA0009AD48 /* ViewController.h */,
				52799C461D8791CA0009AD48 /* ViewController.m */,
				52799C481D8791CA0009AD48 /* Main.storyboard */,
				52799C4B1D8791CA0009AD48 /* Assets.xcassets */,
				52799C4D1D8791CA0009AD48 /* LaunchScreen.storyboard */,
				52799C501D8791CA0009AD48 /* Info.plist */,
				52799C3F1D8791CA0009AD48 /* Supporting Files */,
			);
			path = eduPDFPlayerPTest;
			sourceTree = "<group>";
		};
		52799C3F1D8791CA0009AD48 /* Supporting Files */ = {
			isa = PBXGroup;
			children = (
				52799C401D8791CA0009AD48 /* main.m */,
			);
			name = "Supporting Files";
			sourceTree = "<group>";
		};
		CE28AD7DD745AE357745B81A /* Pods */ = {
			isa = PBXGroup;
			children = (
				F74BC2D6DA6F3D5E97DD8DC3 /* Pods-eduPDFPlayerPTest.debug.xcconfig */,
				CB8D59B94941C1FBE6519E21 /* Pods-eduPDFPlayerPTest.release.xcconfig */,
			);
			name = Pods;
			sourceTree = "<group>";
		};
		F2BB75789B570A824FFB14BE /* Frameworks */ = {
			isa = PBXGroup;
			children = (
				1D0CE317845E7E4B56C64A5D /* libPods-eduPDFPlayerPTest.a */,
			);
			name = Frameworks;
			sourceTree = "<group>";
		};
/* End PBXGroup section */

/* Begin PBXNativeTarget section */
		52799C3B1D8791CA0009AD48 /* eduPDFPlayerPTest */ = {
			isa = PBXNativeTarget;
			buildConfigurationList = 52799C531D8791CA0009AD48 /* Build configuration list for PBXNativeTarget "eduPDFPlayerPTest" */;
			buildPhases = (
				D92EDA00222D4E27D8EE3C6D /* [CP] Check Pods Manifest.lock */,
				52799C381D8791CA0009AD48 /* Sources */,
				52799C391D8791CA0009AD48 /* Frameworks */,
				52799C3A1D8791CA0009AD48 /* Resources */,
				DFBA08415839FC6C38502450 /* [CP] Embed Pods Frameworks */,
				6344E7B8FCB353ABF8D827F3 /* [CP] Copy Pods Resources */,
			);
			buildRules = (
			);
			dependencies = (
			);
			name = eduPDFPlayerPTest;
			productName = eduPDFPlayerPTest;
			productReference = 52799C3C1D8791CA0009AD48 /* eduPDFPlayerPTest.app */;
			productType = "com.apple.product-type.application";
		};
/* End PBXNativeTarget section */

/* Begin PBXProject section */
		52799C341D8791CA0009AD48 /* Project object */ = {
			isa = PBXProject;
			attributes = {
				LastUpgradeCheck = 0730;
				ORGANIZATIONNAME = Unidocs;
				TargetAttributes = {
					52799C3B1D8791CA0009AD48 = {
						CreatedOnToolsVersion = 7.3;
					};
				};
			};
			buildConfigurationList = 52799C371D8791CA0009AD48 /* Build configuration list for PBXProject "eduPDFPlayerPTest" */;
			compatibilityVersion = "Xcode 3.2";
			developmentRegion = English;
			hasScannedForEncodings = 0;
			knownRegions = (
				en,
				Base,
			);
			mainGroup = 52799C331D8791CA0009AD48;
			productRefGroup = 52799C3D1D8791CA0009AD48 /* Products */;
			projectDirPath = "";
			projectRoot = "";
			targets = (
				52799C3B1D8791CA0009AD48 /* eduPDFPlayerPTest */,
			);
		};
/* End PBXProject section */

/* Begin PBXResourcesBuildPhase section */
		52799C3A1D8791CA0009AD48 /* Resources */ = {
			isa = PBXResourcesBuildPhase;
			buildActionMask = 2147483647;
			files = (
				52799C4F1D8791CA0009AD48 /* LaunchScreen.storyboard in Resources */,
				52799C4C1D8791CA0009AD48 /* Assets.xcassets in Resources */,
				52799C4A1D8791CA0009AD48 /* Main.storyboard in Resources */,
			);
			runOnlyForDeploymentPostprocessing = 0;
		};
/* End PBXResourcesBuildPhase section */

/* Begin PBXShellScriptBuildPhase section */
		6344E7B8FCB353ABF8D827F3 /* [CP] Copy Pods Resources */ = {
			isa = PBXShellScriptBuildPhase;
			buildActionMask = 2147483647;
			files = (
			);
			inputPaths = (
			);
			name = "[CP] Copy Pods Resources";
			outputPaths = (
			);
			runOnlyForDeploymentPostprocessing = 0;
			shellPath = /bin/sh;
			shellScript = "\"${SRCROOT}/Pods/Target Support Files/Pods-eduPDFPlayerPTest/Pods-eduPDFPlayerPTest-resources.sh\"\n";
			showEnvVarsInLog = 0;
		};
		D92EDA00222D4E27D8EE3C6D /* [CP] Check Pods Manifest.lock */ = {
			isa = PBXShellScriptBuildPhase;
			buildActionMask = 2147483647;
			files = (
			);
			inputPaths = (
			);
			name = "[CP] Check Pods Manifest.lock";
			outputPaths = (
			);
			runOnlyForDeploymentPostprocessing = 0;
			shellPath = /bin/sh;
			shellScript = "diff \"${PODS_ROOT}/../Podfile.lock\" \"${PODS_ROOT}/Manifest.lock\" > /dev/null\nif [ $? != 0 ] ; then\n    # print error to STDERR\n    echo \"error: The sandbox is not in sync with the Podfile.lock. Run 'pod install' or update your CocoaPods installation.\" >&2\n    exit 1\nfi\n";
			showEnvVarsInLog = 0;
		};
		DFBA08415839FC6C38502450 /* [CP] Embed Pods Frameworks */ = {
			isa = PBXShellScriptBuildPhase;
			buildActionMask = 2147483647;
			files = (
			);
			inputPaths = (
			);
			name = "[CP] Embed Pods Frameworks";
			outputPaths = (
			);
			runOnlyForDeploymentPostprocessing = 0;
			shellPath = /bin/sh;
			shellScript = "\"${SRCROOT}/Pods/Target Support Files/Pods-eduPDFPlayerPTest/Pods-eduPDFPlayerPTest-frameworks.sh\"\n";
			showEnvVarsInLog = 0;
		};
/* End PBXShellScriptBuildPhase section */

/* Begin PBXSourcesBuildPhase section */
		52799C381D8791CA0009AD48 /* Sources */ = {
			isa = PBXSourcesBuildPhase;
			buildActionMask = 2147483647;
			files = (
				52799C471D8791CA0009AD48 /* ViewController.m in Sources */,
				52799C441D8791CA0009AD48 /* AppDelegate.m in Sources */,
				52799C411D8791CA0009AD48 /* main.m in Sources */,
			);
			runOnlyForDeploymentPostprocessing = 0;
		};
/* End PBXSourcesBuildPhase section */

/* Begin PBXVariantGroup section */
		52799C481D8791CA0009AD48 /* Main.storyboard */ = {
			isa = PBXVariantGroup;
			children = (
				52799C491D8791CA0009AD48 /* Base */,
			);
			name = Main.storyboard;
			sourceTree = "<group>";
		};
		52799C4D1D8791CA0009AD48 /* LaunchScreen.storyboard */ = {
			isa = PBXVariantGroup;
			children = (
				52799C4E1D8791CA0009AD48 /* Base */,
			);
			name = LaunchScreen.storyboard;
			sourceTree = "<group>";
		};
/* End PBXVariantGroup section */

/* Begin XCBuildConfiguration section */
		52799C511D8791CA0009AD48 /* Debug */ = {
			isa = XCBuildConfiguration;
			buildSettings = {
				ALWAYS_SEARCH_USER_PATHS = NO;
				CLANG_ANALYZER_NONNULL = YES;
				CLANG_CXX_LANGUAGE_STANDARD = "gnu++0x";
				CLANG_CXX_LIBRARY = "libc++";
				CLANG_ENABLE_MODULES = YES;
				CLANG_ENABLE_OBJC_ARC = YES;
				CLANG_WARN_BOOL_CONVERSION = YES;
				CLANG_WARN_CONSTANT_CONVERSION = YES;
				CLANG_WARN_DIRECT_OBJC_ISA_USAGE = YES_ERROR;
				CLANG_WARN_EMPTY_BODY = YES;
				CLANG_WARN_ENUM_CONVERSION = YES;
				CLANG_WARN_INT_CONVERSION = YES;
				CLANG_WARN_OBJC_ROOT_CLASS = YES_ERROR;
				CLANG_WARN_UNREACHABLE_CODE = YES;
				CLANG_WARN__DUPLICATE_METHOD_MATCH = YES;
				"CODE_SIGN_IDENTITY[sdk=iphoneos*]" = "iPhone Developer";
				COPY_PHASE_STRIP = NO;
				DEBUG_INFORMATION_FORMAT = dwarf;
				ENABLE_STRICT_OBJC_MSGSEND = YES;
				ENABLE_TESTABILITY = YES;
				GCC_C_LANGUAGE_STANDARD = gnu99;
				GCC_DYNAMIC_NO_PIC = NO;
				GCC_NO_COMMON_BLOCKS = YES;
				GCC_OPTIMIZATION_LEVEL = 0;
				GCC_PREPROCESSOR_DEFINITIONS = (
					"DEBUG=1",
					"$(inherited)",
				);
				GCC_WARN_64_TO_32_BIT_CONVERSION = YES;
				GCC_WARN_ABOUT_RETURN_TYPE = YES_ERROR;
				GCC_WARN_UNDECLARED_SELECTOR = YES;
				GCC_WARN_UNINITIALIZED_AUTOS = YES_AGGRESSIVE;
				GCC_WARN_UNUSED_FUNCTION = YES;
				GCC_WARN_UNUSED_VARIABLE = YES;
				IPHONEOS_DEPLOYMENT_TARGET = 9.3;
				MTL_ENABLE_DEBUG_INFO = YES;
				ONLY_ACTIVE_ARCH = YES;
				SDKROOT = iphoneos;
				TARGETED_DEVICE_FAMILY = "1,2";
			};
			name = Debug;
		};
		52799C521D8791CA0009AD48 /* Release */ = {
			isa = XCBuildConfiguration;
			buildSettings = {
				ALWAYS_SEARCH_USER_PATHS = NO;
				CLANG_ANALYZER_NONNULL = YES;
				CLANG_CXX_LANGUAGE_STANDARD = "gnu++0x";
				CLANG_CXX_LIBRARY = "libc++";
				CLANG_ENABLE_MODULES = YES;
				CLANG_ENABLE_OBJC_ARC = YES;
				CLANG_WARN_BOOL_CONVERSION = YES;
				CLANG_WARN_CONSTANT_CONVERSION = YES;
				CLANG_WARN_DIRECT_OBJC_ISA_USAGE = YES_ERROR;
				CLANG_WARN_EMPTY_BODY = YES;
				CLANG_WARN_ENUM_CONVERSION = YES;
				CLANG_WARN_INT_CONVERSION = YES;
				CLANG_WARN_OBJC_ROOT_CLASS = YES_ERROR;
				CLANG_WARN_UNREACHABLE_CODE = YES;
				CLANG_WARN__DUPLICATE_METHOD_MATCH = YES;
				"CODE_SIGN_IDENTITY[sdk=iphoneos*]" = "iPhone Developer";
				COPY_PHASE_STRIP = NO;
				DEBUG_INFORMATION_FORMAT = "dwarf-with-dsym";
				ENABLE_NS_ASSERTIONS = NO;
				ENABLE_STRICT_OBJC_MSGSEND = YES;
				GCC_C_LANGUAGE_STANDARD = gnu99;
				GCC_NO_COMMON_BLOCKS = YES;
				GCC_WARN_64_TO_32_BIT_CONVERSION = YES;
				GCC_WARN_ABOUT_RETURN_TYPE = YES_ERROR;
				GCC_WARN_UNDECLARED_SELECTOR = YES;
				GCC_WARN_UNINITIALIZED_AUTOS = YES_AGGRESSIVE;
				GCC_WARN_UNUSED_FUNCTION = YES;
				GCC_WARN_UNUSED_VARIABLE = YES;
				IPHONEOS_DEPLOYMENT_TARGET = 9.3;
				MTL_ENABLE_DEBUG_INFO = NO;
				SDKROOT = iphoneos;
				TARGETED_DEVICE_FAMILY = "1,2";
				VALIDATE_PRODUCT = YES;
			};
			name = Release;
		};
		52799C541D8791CA0009AD48 /* Debug */ = {
			isa = XCBuildConfiguration;
			baseConfigurationReference = F74BC2D6DA6F3D5E97DD8DC3 /* Pods-eduPDFPlayerPTest.debug.xcconfig */;
			buildSettings = {
				ASSETCATALOG_COMPILER_APPICON_NAME = AppIcon;
				INFOPLIST_FILE = eduPDFPlayerPTest/Info.plist;
				LD_RUNPATH_SEARCH_PATHS = "$(inherited) @executable_path/Frameworks";
				PRODUCT_BUNDLE_IDENTIFIER = kr.co.unidocs.eduPDFPlayerTest;
				PRODUCT_NAME = "$(TARGET_NAME)";
			};
			name = Debug;
		};
		52799C551D8791CA0009AD48 /* Release */ = {
			isa = XCBuildConfiguration;
			baseConfigurationReference = CB8D59B94941C1FBE6519E21 /* Pods-eduPDFPlayerPTest.release.xcconfig */;
			buildSettings = {
				ASSETCATALOG_COMPILER_APPICON_NAME = AppIcon;
				INFOPLIST_FILE = eduPDFPlayerPTest/Info.plist;
				LD_RUNPATH_SEARCH_PATHS = "$(inherited) @executable_path/Frameworks";
				PRODUCT_BUNDLE_IDENTIFIER = kr.co.unidocs.eduPDFPlayerTest;
				PRODUCT_NAME = "$(TARGET_NAME)";
			};
			name = Release;
		};
/* End XCBuildConfiguration section */

/* Begin XCConfigurationList section */
		52799C371D8791CA0009AD48 /* Build configuration list for PBXProject "eduPDFPlayerPTest" */ = {
			isa = XCConfigurationList;
			buildConfigurations = (
				52799C511D8791CA0009AD48 /* Debug */,
				52799C521D8791CA0009AD48 /* Release */,
			);
			defaultConfigurationIsVisible = 0;
			defaultConfigurationName = Release;
		};
		52799C531D8791CA0009AD48 /* Build configuration list for PBXNativeTarget "eduPDFPlayerPTest" */ = {
			isa = XCConfigurationList;
			buildConfigurations = (
				52799C541D8791CA0009AD48 /* Debug */,
				52799C551D8791CA0009AD48 /* Release */,
			);
			defaultConfigurationIsVisible = 0;
			defaultConfigurationName = Release;
		};
/* End XCConfigurationList section */
	};
	rootObject = 52799C341D8791CA0009AD48 /* Project object */;
}
